
Microsoft Visual Studio Solution File, Format Version 12.00
# Visual Studio Version 16
VisualStudioVersion = 16.0.29911.84
MinimumVisualStudioVersion = 10.0.40219.1
Project("{FAE04EC0-301F-11D3-BF4B-00C04F79EFBC}") = "Ahorcado2020", "Ahorcado2020\Ahorcado2020.csproj", "{2C2C6FD5-458F-44D6-95CD-A6EB147704C2}"
EndProject
Global
	GlobalSection(SolutionConfigurationPlatforms) = preSolution
		Debug|Any CPU = Debug|Any CPU
		Release|Any CPU = Release|Any CPU
	EndGlobalSection
	GlobalSection(ProjectConfigurationPlatforms) = postSolution
		{2C2C6FD5-458F-44D6-95CD-A6EB147704C2}.Debug|Any CPU.ActiveCfg = Debug|Any CPU
		{2C2C6FD5-458F-44D6-95CD-A6EB147704C2}.Debug|Any CPU.Build.0 = Debug|Any CPU
		{2C2C6FD5-458F-44D6-95CD-A6EB147704C2}.Release|Any CPU.ActiveCfg = Release|Any CPU
		{2C2C6FD5-458F-44D6-95CD-A6EB147704C2}.Release|Any CPU.Build.0 = Release|Any CPU
	EndGlobalSection
	GlobalSection(SolutionProperties) = preSolution
		HideSolutionNode = FALSE
	EndGlobalSection
	GlobalSection(ExtensibilityGlobals) = postSolution
		SolutionGuid = {1924B25D-1185-4C40-BCB3-4B780F480507}
	EndGlobalSection
EndGlobal
